
Microsoft Visual Studio Solution File, Format Version 12.00
# Visual Studio 14
VisualStudioVersion = 14.0.25420.1
MinimumVisualStudioVersion = 10.0.40219.1
Project("{FAE04EC0-301F-11D3-BF4B-00C04F79EFBC}") = "Financas", "Financas\Financas.csproj", "{4004DB9F-58F3-49A7-8B0C-F2F05DF41FB7}"
EndProject
Global
	GlobalSection(SolutionConfigurationPlatforms) = preSolution
		Debug|Any CPU = Debug|Any CPU
		Release|Any CPU = Release|Any CPU
	EndGlobalSection
	GlobalSection(ProjectConfigurationPlatforms) = postSolution
		{4004DB9F-58F3-49A7-8B0C-F2F05DF41FB7}.Debug|Any CPU.ActiveCfg = Debug|Any CPU
		{4004DB9F-58F3-49A7-8B0C-F2F05DF41FB7}.Debug|Any CPU.Build.0 = Debug|Any CPU
		{4004DB9F-58F3-49A7-8B0C-F2F05DF41FB7}.Release|Any CPU.ActiveCfg = Release|Any CPU
		{4004DB9F-58F3-49A7-8B0C-F2F05DF41FB7}.Release|Any CPU.Build.0 = Release|Any CPU
	EndGlobalSection
	GlobalSection(SolutionProperties) = preSolution
		HideSolutionNode = FALSE
	EndGlobalSection
EndGlobal
